
Microsoft Visual Studio Solution File, Format Version 12.00
# Visual Studio 14
VisualStudioVersion = 14.0.25420.1
MinimumVisualStudioVersion = 10.0.40219.1
Project("{FAE04EC0-301F-11D3-BF4B-00C04F79EFBC}") = "git-jenkins-console", "git-jenkins-console\git-jenkins-console.csproj", "{1D983C7F-A732-413F-BA05-CD7C8107F401}"
EndProject
Project("{FAE04EC0-301F-11D3-BF4B-00C04F79EFBC}") = "git-jenkins-consoleTests", "git-jenkins-consoleTests\git-jenkins-consoleTests.csproj", "{1FFF1BE6-E96D-419F-ADC3-6622EE7F1197}"
EndProject
Global
	GlobalSection(SolutionConfigurationPlatforms) = preSolution
		Debug|Any CPU = Debug|Any CPU
		Release|Any CPU = Release|Any CPU
	EndGlobalSection
	GlobalSection(ProjectConfigurationPlatforms) = postSolution
		{1D983C7F-A732-413F-BA05-CD7C8107F401}.Debug|Any CPU.ActiveCfg = Debug|Any CPU
		{1D983C7F-A732-413F-BA05-CD7C8107F401}.Debug|Any CPU.Build.0 = Debug|Any CPU
		{1D983C7F-A732-413F-BA05-CD7C8107F401}.Release|Any CPU.ActiveCfg = Release|Any CPU
		{1D983C7F-A732-413F-BA05-CD7C8107F401}.Release|Any CPU.Build.0 = Release|Any CPU
		{1FFF1BE6-E96D-419F-ADC3-6622EE7F1197}.Debug|Any CPU.ActiveCfg = Debug|Any CPU
		{1FFF1BE6-E96D-419F-ADC3-6622EE7F1197}.Debug|Any CPU.Build.0 = Debug|Any CPU
		{1FFF1BE6-E96D-419F-ADC3-6622EE7F1197}.Release|Any CPU.ActiveCfg = Release|Any CPU
		{1FFF1BE6-E96D-419F-ADC3-6622EE7F1197}.Release|Any CPU.Build.0 = Release|Any CPU
	EndGlobalSection
	GlobalSection(SolutionProperties) = preSolution
		HideSolutionNode = FALSE
	EndGlobalSection
EndGlobal
